
Microsoft Visual Studio Solution File, Format Version 12.00
# Visual Studio Version 16
VisualStudioVersion = 16.0.31112.23
MinimumVisualStudioVersion = 10.0.40219.1
Project("{FAE04EC0-301F-11D3-BF4B-00C04F79EFBC}") = "Tema01EjercicioFinalPOO.BL", "Tema01EjercicioFinalPOO.BL\Tema01EjercicioFinalPOO.BL.csproj", "{12C3F44A-37CC-4BA9-B3C7-D35757227CB6}"
EndProject
Project("{FAE04EC0-301F-11D3-BF4B-00C04F79EFBC}") = "Tema01EjercicioFinalPOO.DL", "Tema01EjercicioFinalPOO.DL\Tema01EjercicioFinalPOO.DL.csproj", "{A4CB5C99-4187-4120-B87F-1E377C935D73}"
EndProject
Project("{FAE04EC0-301F-11D3-BF4B-00C04F79EFBC}") = "Tema01EjercicioFinalPOO.Windows", "Tema01EjercicioFinalPOO.Windows\Tema01EjercicioFinalPOO.Windows.csproj", "{79B087C9-9542-4409-A6A7-A7F6CD44236E}"
EndProject
Global
	GlobalSection(SolutionConfigurationPlatforms) = preSolution
		Debug|Any CPU = Debug|Any CPU
		Release|Any CPU = Release|Any CPU
	EndGlobalSection
	GlobalSection(ProjectConfigurationPlatforms) = postSolution
		{12C3F44A-37CC-4BA9-B3C7-D35757227CB6}.Debug|Any CPU.ActiveCfg = Debug|Any CPU
		{12C3F44A-37CC-4BA9-B3C7-D35757227CB6}.Debug|Any CPU.Build.0 = Debug|Any CPU
		{12C3F44A-37CC-4BA9-B3C7-D35757227CB6}.Release|Any CPU.ActiveCfg = Release|Any CPU
		{12C3F44A-37CC-4BA9-B3C7-D35757227CB6}.Release|Any CPU.Build.0 = Release|Any CPU
		{A4CB5C99-4187-4120-B87F-1E377C935D73}.Debug|Any CPU.ActiveCfg = Debug|Any CPU
		{A4CB5C99-4187-4120-B87F-1E377C935D73}.Debug|Any CPU.Build.0 = Debug|Any CPU
		{A4CB5C99-4187-4120-B87F-1E377C935D73}.Release|Any CPU.ActiveCfg = Release|Any CPU
		{A4CB5C99-4187-4120-B87F-1E377C935D73}.Release|Any CPU.Build.0 = Release|Any CPU
		{79B087C9-9542-4409-A6A7-A7F6CD44236E}.Debug|Any CPU.ActiveCfg = Debug|Any CPU
		{79B087C9-9542-4409-A6A7-A7F6CD44236E}.Debug|Any CPU.Build.0 = Debug|Any CPU
		{79B087C9-9542-4409-A6A7-A7F6CD44236E}.Release|Any CPU.ActiveCfg = Release|Any CPU
		{79B087C9-9542-4409-A6A7-A7F6CD44236E}.Release|Any CPU.Build.0 = Release|Any CPU
	EndGlobalSection
	GlobalSection(SolutionProperties) = preSolution
		HideSolutionNode = FALSE
	EndGlobalSection
	GlobalSection(ExtensibilityGlobals) = postSolution
		SolutionGuid = {DB180322-E999-4A64-9D9E-69F876BC3202}
	EndGlobalSection
EndGlobal
